
Microsoft Visual Studio Solution File, Format Version 12.00
# Visual Studio 15
VisualStudioVersion = 15.0.27130.2027
MinimumVisualStudioVersion = 10.0.40219.1
Project("{FAE04EC0-301F-11D3-BF4B-00C04F79EFBC}") = "pc.BudapestHotel", "pc.BudapestHotel\pc.BudapestHotel.csproj", "{844ACE5A-0A63-4F1A-956E-E8162255DABA}"
EndProject
Global
	GlobalSection(SolutionConfigurationPlatforms) = preSolution
		Debug|Any CPU = Debug|Any CPU
		Release|Any CPU = Release|Any CPU
	EndGlobalSection
	GlobalSection(ProjectConfigurationPlatforms) = postSolution
		{844ACE5A-0A63-4F1A-956E-E8162255DABA}.Debug|Any CPU.ActiveCfg = Debug|Any CPU
		{844ACE5A-0A63-4F1A-956E-E8162255DABA}.Debug|Any CPU.Build.0 = Debug|Any CPU
		{844ACE5A-0A63-4F1A-956E-E8162255DABA}.Release|Any CPU.ActiveCfg = Release|Any CPU
		{844ACE5A-0A63-4F1A-956E-E8162255DABA}.Release|Any CPU.Build.0 = Release|Any CPU
	EndGlobalSection
	GlobalSection(SolutionProperties) = preSolution
		HideSolutionNode = FALSE
	EndGlobalSection
	GlobalSection(ExtensibilityGlobals) = postSolution
		SolutionGuid = {EAE73675-9799-49B1-AE45-85BDA01FD0F7}
	EndGlobalSection
EndGlobal
